<Solution>
  <Project Path="docker-compose.dcproj">
    <Build />
  </Project>
  <Project Path="ElasticSearch.TestDataLoader/ElasticSearch.TestDataLoader.csproj" Id="80a24b1b-f4ca-4ab4-a731-03d528f98dc0" />
  <Project Path="ELKPlayground.ElasticSearch\ELKPlayground.ElasticSearch.csproj" />
</Solution>
